
Microsoft Visual Studio Solution File, Format Version 12.00
# Visual Studio Version 16
VisualStudioVersion = 16.0.30114.105
MinimumVisualStudioVersion = 10.0.40219.1
Project("{2150E333-8FDC-42A3-9474-1A3956D46DE8}") = "src", "src", "{684DD168-1555-489A-AD62-B16C13061497}"
EndProject
Project("{FAE04EC0-301F-11D3-BF4B-00C04F79EFBC}") = "CommandAPI", "src\CommandAPI\CommandAPI.csproj", "{ECCA6855-FD3B-4C92-A50C-64D6EF7BA198}"
EndProject
Project("{2150E333-8FDC-42A3-9474-1A3956D46DE8}") = "test", "test", "{579DC51C-28FB-41FA-AB9D-871F46AAE5F9}"
EndProject
Project("{FAE04EC0-301F-11D3-BF4B-00C04F79EFBC}") = "CommandAPI.Tests", "test\CommandAPI.Tests\CommandAPI.Tests.csproj", "{31279C96-E53C-4A97-8820-3212A6957D0E}"
EndProject
Global
	GlobalSection(SolutionConfigurationPlatforms) = preSolution
		Debug|Any CPU = Debug|Any CPU
		Release|Any CPU = Release|Any CPU
	EndGlobalSection
	GlobalSection(SolutionProperties) = preSolution
		HideSolutionNode = FALSE
	EndGlobalSection
	GlobalSection(ProjectConfigurationPlatforms) = postSolution
		{ECCA6855-FD3B-4C92-A50C-64D6EF7BA198}.Debug|Any CPU.ActiveCfg = Debug|Any CPU
		{ECCA6855-FD3B-4C92-A50C-64D6EF7BA198}.Debug|Any CPU.Build.0 = Debug|Any CPU
		{ECCA6855-FD3B-4C92-A50C-64D6EF7BA198}.Release|Any CPU.ActiveCfg = Release|Any CPU
		{ECCA6855-FD3B-4C92-A50C-64D6EF7BA198}.Release|Any CPU.Build.0 = Release|Any CPU
		{31279C96-E53C-4A97-8820-3212A6957D0E}.Debug|Any CPU.ActiveCfg = Debug|Any CPU
		{31279C96-E53C-4A97-8820-3212A6957D0E}.Debug|Any CPU.Build.0 = Debug|Any CPU
		{31279C96-E53C-4A97-8820-3212A6957D0E}.Release|Any CPU.ActiveCfg = Release|Any CPU
		{31279C96-E53C-4A97-8820-3212A6957D0E}.Release|Any CPU.Build.0 = Release|Any CPU
	EndGlobalSection
	GlobalSection(NestedProjects) = preSolution
		{ECCA6855-FD3B-4C92-A50C-64D6EF7BA198} = {684DD168-1555-489A-AD62-B16C13061497}
		{31279C96-E53C-4A97-8820-3212A6957D0E} = {579DC51C-28FB-41FA-AB9D-871F46AAE5F9}
	EndGlobalSection
EndGlobal
